
Microsoft Visual Studio Solution File, Format Version 12.00
# Visual Studio Version 17
VisualStudioVersion = 17.1.32407.343
MinimumVisualStudioVersion = 10.0.40219.1
Project("{FAE04EC0-301F-11D3-BF4B-00C04F79EFBC}") = "Dizimo-CSF", "Dizimo-CSF\Dizimo-CSF.csproj", "{0829B3C2-ED35-4E5E-8746-B98A8EC0C6ED}"
EndProject
Global
	GlobalSection(SolutionConfigurationPlatforms) = preSolution
		Debug|Any CPU = Debug|Any CPU
		Release|Any CPU = Release|Any CPU
	EndGlobalSection
	GlobalSection(ProjectConfigurationPlatforms) = postSolution
		{0829B3C2-ED35-4E5E-8746-B98A8EC0C6ED}.Debug|Any CPU.ActiveCfg = Debug|Any CPU
		{0829B3C2-ED35-4E5E-8746-B98A8EC0C6ED}.Debug|Any CPU.Build.0 = Debug|Any CPU
		{0829B3C2-ED35-4E5E-8746-B98A8EC0C6ED}.Release|Any CPU.ActiveCfg = Release|Any CPU
		{0829B3C2-ED35-4E5E-8746-B98A8EC0C6ED}.Release|Any CPU.Build.0 = Release|Any CPU
	EndGlobalSection
	GlobalSection(SolutionProperties) = preSolution
		HideSolutionNode = FALSE
	EndGlobalSection
	GlobalSection(ExtensibilityGlobals) = postSolution
		SolutionGuid = {98076BEF-52B5-45E6-9230-99D57E25A903}
	EndGlobalSection
EndGlobal
